
Microsoft Visual Studio Solution File, Format Version 12.00
# Visual Studio Version 17
VisualStudioVersion = 17.7.34031.279
MinimumVisualStudioVersion = 10.0.40219.1
Project("{9A19103F-16F7-4668-BE54-9A1E7A4F7556}") = "Constants", "Constants\Constants.csproj", "{818272D5-FA3F-400A-A3B6-18693FD1EE48}"
EndProject
Project("{9A19103F-16F7-4668-BE54-9A1E7A4F7556}") = "ifElse", "ifElse\ifElse.csproj", "{92D66FC4-78EC-4042-8FBA-7E4BA2DED7DA}"
EndProject
Project("{FAE04EC0-301F-11D3-BF4B-00C04F79EFBC}") = "Complexity and imaginary actions", "Complexity and imaginary actions\Complexity and imaginary actions.csproj", "{B1D82814-5A4E-4E5F-B6AF-0BDEA7AF274B}"
EndProject
Global
	GlobalSection(SolutionConfigurationPlatforms) = preSolution
		Debug|Any CPU = Debug|Any CPU
		Release|Any CPU = Release|Any CPU
	EndGlobalSection
	GlobalSection(ProjectConfigurationPlatforms) = postSolution
		{818272D5-FA3F-400A-A3B6-18693FD1EE48}.Debug|Any CPU.ActiveCfg = Debug|Any CPU
		{818272D5-FA3F-400A-A3B6-18693FD1EE48}.Debug|Any CPU.Build.0 = Debug|Any CPU
		{818272D5-FA3F-400A-A3B6-18693FD1EE48}.Release|Any CPU.ActiveCfg = Release|Any CPU
		{818272D5-FA3F-400A-A3B6-18693FD1EE48}.Release|Any CPU.Build.0 = Release|Any CPU
		{92D66FC4-78EC-4042-8FBA-7E4BA2DED7DA}.Debug|Any CPU.ActiveCfg = Debug|Any CPU
		{92D66FC4-78EC-4042-8FBA-7E4BA2DED7DA}.Debug|Any CPU.Build.0 = Debug|Any CPU
		{92D66FC4-78EC-4042-8FBA-7E4BA2DED7DA}.Release|Any CPU.ActiveCfg = Release|Any CPU
		{92D66FC4-78EC-4042-8FBA-7E4BA2DED7DA}.Release|Any CPU.Build.0 = Release|Any CPU
		{B1D82814-5A4E-4E5F-B6AF-0BDEA7AF274B}.Debug|Any CPU.ActiveCfg = Debug|Any CPU
		{B1D82814-5A4E-4E5F-B6AF-0BDEA7AF274B}.Debug|Any CPU.Build.0 = Debug|Any CPU
		{B1D82814-5A4E-4E5F-B6AF-0BDEA7AF274B}.Release|Any CPU.ActiveCfg = Release|Any CPU
		{B1D82814-5A4E-4E5F-B6AF-0BDEA7AF274B}.Release|Any CPU.Build.0 = Release|Any CPU
	EndGlobalSection
	GlobalSection(SolutionProperties) = preSolution
		HideSolutionNode = FALSE
	EndGlobalSection
	GlobalSection(ExtensibilityGlobals) = postSolution
		SolutionGuid = {5452F353-2B1C-4F65-A807-C6D1ED47C2B4}
	EndGlobalSection
EndGlobal
