
Microsoft Visual Studio Solution File, Format Version 12.00
# Visual Studio Version 17
VisualStudioVersion = 17.7.34031.279
MinimumVisualStudioVersion = 10.0.40219.1
Project("{9A19103F-16F7-4668-BE54-9A1E7A4F7556}") = "While&Do", "While&Do\While&Do.csproj", "{AC726958-8787-4632-BCC7-5573F4E6ACF3}"
EndProject
Project("{FAE04EC0-301F-11D3-BF4B-00C04F79EFBC}") = "TRAPEZE", "TRAPEZE\TRAPEZE.csproj", "{1FCD7012-412C-4BD7-BB8C-39423F21CC9D}"
EndProject
Global
	GlobalSection(SolutionConfigurationPlatforms) = preSolution
		Debug|Any CPU = Debug|Any CPU
		Release|Any CPU = Release|Any CPU
	EndGlobalSection
	GlobalSection(ProjectConfigurationPlatforms) = postSolution
		{AC726958-8787-4632-BCC7-5573F4E6ACF3}.Debug|Any CPU.ActiveCfg = Debug|Any CPU
		{AC726958-8787-4632-BCC7-5573F4E6ACF3}.Debug|Any CPU.Build.0 = Debug|Any CPU
		{AC726958-8787-4632-BCC7-5573F4E6ACF3}.Release|Any CPU.ActiveCfg = Release|Any CPU
		{AC726958-8787-4632-BCC7-5573F4E6ACF3}.Release|Any CPU.Build.0 = Release|Any CPU
		{1FCD7012-412C-4BD7-BB8C-39423F21CC9D}.Debug|Any CPU.ActiveCfg = Debug|Any CPU
		{1FCD7012-412C-4BD7-BB8C-39423F21CC9D}.Debug|Any CPU.Build.0 = Debug|Any CPU
		{1FCD7012-412C-4BD7-BB8C-39423F21CC9D}.Release|Any CPU.ActiveCfg = Release|Any CPU
		{1FCD7012-412C-4BD7-BB8C-39423F21CC9D}.Release|Any CPU.Build.0 = Release|Any CPU
	EndGlobalSection
	GlobalSection(SolutionProperties) = preSolution
		HideSolutionNode = FALSE
	EndGlobalSection
	GlobalSection(ExtensibilityGlobals) = postSolution
		SolutionGuid = {ABE580A1-1A3D-4176-8C42-D99437BF221C}
	EndGlobalSection
EndGlobal
