
Microsoft Visual Studio Solution File, Format Version 12.00
# Visual Studio Version 17
VisualStudioVersion = 17.7.34031.279
MinimumVisualStudioVersion = 10.0.40219.1
Project("{9A19103F-16F7-4668-BE54-9A1E7A4F7556}") = "Recursion", "Recursion\Recursion.csproj", "{F5ED35B1-214E-4045-AADF-B16DAC84974C}"
EndProject
Project("{FAE04EC0-301F-11D3-BF4B-00C04F79EFBC}") = "Goto", "Goto\Goto.csproj", "{4149DCA6-FF76-477C-9145-2430517BD344}"
EndProject
Global
	GlobalSection(SolutionConfigurationPlatforms) = preSolution
		Debug|Any CPU = Debug|Any CPU
		Release|Any CPU = Release|Any CPU
	EndGlobalSection
	GlobalSection(ProjectConfigurationPlatforms) = postSolution
		{F5ED35B1-214E-4045-AADF-B16DAC84974C}.Debug|Any CPU.ActiveCfg = Debug|Any CPU
		{F5ED35B1-214E-4045-AADF-B16DAC84974C}.Debug|Any CPU.Build.0 = Debug|Any CPU
		{F5ED35B1-214E-4045-AADF-B16DAC84974C}.Release|Any CPU.ActiveCfg = Release|Any CPU
		{F5ED35B1-214E-4045-AADF-B16DAC84974C}.Release|Any CPU.Build.0 = Release|Any CPU
		{4149DCA6-FF76-477C-9145-2430517BD344}.Debug|Any CPU.ActiveCfg = Debug|Any CPU
		{4149DCA6-FF76-477C-9145-2430517BD344}.Debug|Any CPU.Build.0 = Debug|Any CPU
		{4149DCA6-FF76-477C-9145-2430517BD344}.Release|Any CPU.ActiveCfg = Release|Any CPU
		{4149DCA6-FF76-477C-9145-2430517BD344}.Release|Any CPU.Build.0 = Release|Any CPU
	EndGlobalSection
	GlobalSection(SolutionProperties) = preSolution
		HideSolutionNode = FALSE
	EndGlobalSection
	GlobalSection(ExtensibilityGlobals) = postSolution
		SolutionGuid = {73F2262E-D39B-4084-858C-8DB09E6734E6}
	EndGlobalSection
EndGlobal
