
Microsoft Visual Studio Solution File, Format Version 12.00
# Visual Studio Version 17
VisualStudioVersion = 17.7.34031.279
MinimumVisualStudioVersion = 10.0.40219.1
Project("{9A19103F-16F7-4668-BE54-9A1E7A4F7556}") = "Classes and objects", "Classes and objects\Classes and objects.csproj", "{03D2E852-2A0B-464E-B411-CD0CF9F875F9}"
EndProject
Project("{FAE04EC0-301F-11D3-BF4B-00C04F79EFBC}") = "Task1", "Task1\Task1.csproj", "{8154C8CA-A0AA-47E5-9959-1AFB6A66FED4}"
EndProject
Global
	GlobalSection(SolutionConfigurationPlatforms) = preSolution
		Debug|Any CPU = Debug|Any CPU
		Release|Any CPU = Release|Any CPU
	EndGlobalSection
	GlobalSection(ProjectConfigurationPlatforms) = postSolution
		{03D2E852-2A0B-464E-B411-CD0CF9F875F9}.Debug|Any CPU.ActiveCfg = Debug|Any CPU
		{03D2E852-2A0B-464E-B411-CD0CF9F875F9}.Debug|Any CPU.Build.0 = Debug|Any CPU
		{03D2E852-2A0B-464E-B411-CD0CF9F875F9}.Release|Any CPU.ActiveCfg = Release|Any CPU
		{03D2E852-2A0B-464E-B411-CD0CF9F875F9}.Release|Any CPU.Build.0 = Release|Any CPU
		{8154C8CA-A0AA-47E5-9959-1AFB6A66FED4}.Debug|Any CPU.ActiveCfg = Debug|Any CPU
		{8154C8CA-A0AA-47E5-9959-1AFB6A66FED4}.Debug|Any CPU.Build.0 = Debug|Any CPU
		{8154C8CA-A0AA-47E5-9959-1AFB6A66FED4}.Release|Any CPU.ActiveCfg = Release|Any CPU
		{8154C8CA-A0AA-47E5-9959-1AFB6A66FED4}.Release|Any CPU.Build.0 = Release|Any CPU
	EndGlobalSection
	GlobalSection(SolutionProperties) = preSolution
		HideSolutionNode = FALSE
	EndGlobalSection
	GlobalSection(ExtensibilityGlobals) = postSolution
		SolutionGuid = {0284DB48-C596-47B2-9EE3-91DC6CB31FC3}
	EndGlobalSection
EndGlobal
