
Microsoft Visual Studio Solution File, Format Version 12.00
# Visual Studio Version 17
VisualStudioVersion = 17.7.34031.279
MinimumVisualStudioVersion = 10.0.40219.1
Project("{9A19103F-16F7-4668-BE54-9A1E7A4F7556}") = "ifElse2SwitchTernar", "ifElse2SwitchTernar\ifElse2SwitchTernar.csproj", "{A61F4237-683A-4919-979D-5121A90BFB6E}"
EndProject
Project("{9A19103F-16F7-4668-BE54-9A1E7A4F7556}") = "switch-case", "switch-case\switch-case.csproj", "{9381C9B9-32BF-4133-AFF1-5D24D512054C}"
EndProject
Project("{FAE04EC0-301F-11D3-BF4B-00C04F79EFBC}") = "Ternary operator", "Ternary operator\Ternary operator.csproj", "{E1734CD7-7594-45F3-BB46-40F934A059E8}"
EndProject
Global
	GlobalSection(SolutionConfigurationPlatforms) = preSolution
		Debug|Any CPU = Debug|Any CPU
		Release|Any CPU = Release|Any CPU
	EndGlobalSection
	GlobalSection(ProjectConfigurationPlatforms) = postSolution
		{A61F4237-683A-4919-979D-5121A90BFB6E}.Debug|Any CPU.ActiveCfg = Debug|Any CPU
		{A61F4237-683A-4919-979D-5121A90BFB6E}.Debug|Any CPU.Build.0 = Debug|Any CPU
		{A61F4237-683A-4919-979D-5121A90BFB6E}.Release|Any CPU.ActiveCfg = Release|Any CPU
		{A61F4237-683A-4919-979D-5121A90BFB6E}.Release|Any CPU.Build.0 = Release|Any CPU
		{9381C9B9-32BF-4133-AFF1-5D24D512054C}.Debug|Any CPU.ActiveCfg = Debug|Any CPU
		{9381C9B9-32BF-4133-AFF1-5D24D512054C}.Debug|Any CPU.Build.0 = Debug|Any CPU
		{9381C9B9-32BF-4133-AFF1-5D24D512054C}.Release|Any CPU.ActiveCfg = Release|Any CPU
		{9381C9B9-32BF-4133-AFF1-5D24D512054C}.Release|Any CPU.Build.0 = Release|Any CPU
		{E1734CD7-7594-45F3-BB46-40F934A059E8}.Debug|Any CPU.ActiveCfg = Debug|Any CPU
		{E1734CD7-7594-45F3-BB46-40F934A059E8}.Debug|Any CPU.Build.0 = Debug|Any CPU
		{E1734CD7-7594-45F3-BB46-40F934A059E8}.Release|Any CPU.ActiveCfg = Release|Any CPU
		{E1734CD7-7594-45F3-BB46-40F934A059E8}.Release|Any CPU.Build.0 = Release|Any CPU
	EndGlobalSection
	GlobalSection(SolutionProperties) = preSolution
		HideSolutionNode = FALSE
	EndGlobalSection
	GlobalSection(ExtensibilityGlobals) = postSolution
		SolutionGuid = {0FB61051-4823-4C07-A30B-320A0FD65FCD}
	EndGlobalSection
EndGlobal
