
Microsoft Visual Studio Solution File, Format Version 12.00
# Visual Studio Version 17
VisualStudioVersion = 17.7.34031.279
MinimumVisualStudioVersion = 10.0.40219.1
Project("{FAE04EC0-301F-11D3-BF4B-00C04F79EFBC}") = "3D arrays", "3D arrays\3D arrays.csproj", "{BA779044-9943-407B-BF31-1950A3C890CF}"
EndProject
Global
	GlobalSection(SolutionConfigurationPlatforms) = preSolution
		Debug|Any CPU = Debug|Any CPU
		Release|Any CPU = Release|Any CPU
	EndGlobalSection
	GlobalSection(ProjectConfigurationPlatforms) = postSolution
		{BA779044-9943-407B-BF31-1950A3C890CF}.Debug|Any CPU.ActiveCfg = Debug|Any CPU
		{BA779044-9943-407B-BF31-1950A3C890CF}.Debug|Any CPU.Build.0 = Debug|Any CPU
		{BA779044-9943-407B-BF31-1950A3C890CF}.Release|Any CPU.ActiveCfg = Release|Any CPU
		{BA779044-9943-407B-BF31-1950A3C890CF}.Release|Any CPU.Build.0 = Release|Any CPU
	EndGlobalSection
	GlobalSection(SolutionProperties) = preSolution
		HideSolutionNode = FALSE
	EndGlobalSection
	GlobalSection(ExtensibilityGlobals) = postSolution
		SolutionGuid = {AEABE3E6-DBAE-4F0F-812A-BA55C3AD2B14}
	EndGlobalSection
EndGlobal
