
Microsoft Visual Studio Solution File, Format Version 12.00
# Visual Studio Version 17
VisualStudioVersion = 17.7.34031.279
MinimumVisualStudioVersion = 10.0.40219.1
Project("{9A19103F-16F7-4668-BE54-9A1E7A4F7556}") = "Arithmetic operators", "Arithmetic operators\Arithmetic operators.csproj", "{87ECC510-2889-4348-B8FD-E4432774FE02}"
EndProject
Project("{FAE04EC0-301F-11D3-BF4B-00C04F79EFBC}") = "String variables", "String variables\String variables.csproj", "{304D2B9F-9842-4AA0-BB33-0C1EF55841D9}"
EndProject
Project("{FAE04EC0-301F-11D3-BF4B-00C04F79EFBC}") = "Operations on string variables", "Operations on string variables\Operations on string variables.csproj", "{31A8EBB9-B7BD-40D4-A3F6-C66B49963F03}"
EndProject
Global
	GlobalSection(SolutionConfigurationPlatforms) = preSolution
		Debug|Any CPU = Debug|Any CPU
		Release|Any CPU = Release|Any CPU
	EndGlobalSection
	GlobalSection(ProjectConfigurationPlatforms) = postSolution
		{87ECC510-2889-4348-B8FD-E4432774FE02}.Debug|Any CPU.ActiveCfg = Debug|Any CPU
		{87ECC510-2889-4348-B8FD-E4432774FE02}.Debug|Any CPU.Build.0 = Debug|Any CPU
		{87ECC510-2889-4348-B8FD-E4432774FE02}.Release|Any CPU.ActiveCfg = Release|Any CPU
		{87ECC510-2889-4348-B8FD-E4432774FE02}.Release|Any CPU.Build.0 = Release|Any CPU
		{304D2B9F-9842-4AA0-BB33-0C1EF55841D9}.Debug|Any CPU.ActiveCfg = Debug|Any CPU
		{304D2B9F-9842-4AA0-BB33-0C1EF55841D9}.Debug|Any CPU.Build.0 = Debug|Any CPU
		{304D2B9F-9842-4AA0-BB33-0C1EF55841D9}.Release|Any CPU.ActiveCfg = Release|Any CPU
		{304D2B9F-9842-4AA0-BB33-0C1EF55841D9}.Release|Any CPU.Build.0 = Release|Any CPU
		{31A8EBB9-B7BD-40D4-A3F6-C66B49963F03}.Debug|Any CPU.ActiveCfg = Debug|Any CPU
		{31A8EBB9-B7BD-40D4-A3F6-C66B49963F03}.Debug|Any CPU.Build.0 = Debug|Any CPU
		{31A8EBB9-B7BD-40D4-A3F6-C66B49963F03}.Release|Any CPU.ActiveCfg = Release|Any CPU
		{31A8EBB9-B7BD-40D4-A3F6-C66B49963F03}.Release|Any CPU.Build.0 = Release|Any CPU
	EndGlobalSection
	GlobalSection(SolutionProperties) = preSolution
		HideSolutionNode = FALSE
	EndGlobalSection
	GlobalSection(ExtensibilityGlobals) = postSolution
		SolutionGuid = {A308C62E-3093-4FF4-B093-3B68A908554B}
	EndGlobalSection
EndGlobal
